
Microsoft Visual Studio Solution File, Format Version 12.00
# Visual Studio Version 16
VisualStudioVersion = 16.0.29409.12
MinimumVisualStudioVersion = 10.0.40219.1
Project("{FAE04EC0-301F-11D3-BF4B-00C04F79EFBC}") = "Tholumuntu", "Tholumuntu.csproj", "{3ECC8135-3C6E-47BF-8C35-A565E29705E9}"
EndProject
Project("{FAE04EC0-301F-11D3-BF4B-00C04F79EFBC}") = "Tholaumuntu.DataAcces", "..\Tholaumuntu.DataAcces\Tholaumuntu.DataAcces.csproj", "{AEE194E0-A1AF-40C9-9E04-B7A701D0CDC1}"
EndProject
Project("{FAE04EC0-301F-11D3-BF4B-00C04F79EFBC}") = "Tholaumuntu.Repository", "..\Tholaumuntu.Repository\Tholaumuntu.Repository.csproj", "{51025C6E-155C-488F-8F36-AF7A3024C016}"
EndProject
Project("{FAE04EC0-301F-11D3-BF4B-00C04F79EFBC}") = "Tholaumuntu.Services", "..\Tholaumuntu.Services\Tholaumuntu.Services.csproj", "{E9672B78-3353-459F-A084-44BF227C61E6}"
EndProject
Global
	GlobalSection(SolutionConfigurationPlatforms) = preSolution
		Debug|Any CPU = Debug|Any CPU
		Release|Any CPU = Release|Any CPU
	EndGlobalSection
	GlobalSection(ProjectConfigurationPlatforms) = postSolution
		{3ECC8135-3C6E-47BF-8C35-A565E29705E9}.Debug|Any CPU.ActiveCfg = Debug|Any CPU
		{3ECC8135-3C6E-47BF-8C35-A565E29705E9}.Debug|Any CPU.Build.0 = Debug|Any CPU
		{3ECC8135-3C6E-47BF-8C35-A565E29705E9}.Release|Any CPU.ActiveCfg = Release|Any CPU
		{3ECC8135-3C6E-47BF-8C35-A565E29705E9}.Release|Any CPU.Build.0 = Release|Any CPU
		{AEE194E0-A1AF-40C9-9E04-B7A701D0CDC1}.Debug|Any CPU.ActiveCfg = Debug|Any CPU
		{AEE194E0-A1AF-40C9-9E04-B7A701D0CDC1}.Debug|Any CPU.Build.0 = Debug|Any CPU
		{AEE194E0-A1AF-40C9-9E04-B7A701D0CDC1}.Release|Any CPU.ActiveCfg = Release|Any CPU
		{AEE194E0-A1AF-40C9-9E04-B7A701D0CDC1}.Release|Any CPU.Build.0 = Release|Any CPU
		{51025C6E-155C-488F-8F36-AF7A3024C016}.Debug|Any CPU.ActiveCfg = Debug|Any CPU
		{51025C6E-155C-488F-8F36-AF7A3024C016}.Debug|Any CPU.Build.0 = Debug|Any CPU
		{51025C6E-155C-488F-8F36-AF7A3024C016}.Release|Any CPU.ActiveCfg = Release|Any CPU
		{51025C6E-155C-488F-8F36-AF7A3024C016}.Release|Any CPU.Build.0 = Release|Any CPU
		{E9672B78-3353-459F-A084-44BF227C61E6}.Debug|Any CPU.ActiveCfg = Debug|Any CPU
		{E9672B78-3353-459F-A084-44BF227C61E6}.Debug|Any CPU.Build.0 = Debug|Any CPU
		{E9672B78-3353-459F-A084-44BF227C61E6}.Release|Any CPU.ActiveCfg = Release|Any CPU
		{E9672B78-3353-459F-A084-44BF227C61E6}.Release|Any CPU.Build.0 = Release|Any CPU
	EndGlobalSection
	GlobalSection(SolutionProperties) = preSolution
		HideSolutionNode = FALSE
	EndGlobalSection
	GlobalSection(ExtensibilityGlobals) = postSolution
		SolutionGuid = {A0830D37-00AF-4B1F-A2D3-7E368FE44D04}
	EndGlobalSection
EndGlobal
